
Microsoft Visual Studio Solution File, Format Version 12.00
# Visual Studio 15
VisualStudioVersion = 15.0.28307.106
MinimumVisualStudioVersion = 10.0.40219.1
Project("{FAE04EC0-301F-11D3-BF4B-00C04F79EFBC}") = "SimpleSnake", "SimpleSnake\SimpleSnake.csproj", "{0A0761D8-E1E8-4DF3-BE13-3AE612045DAA}"
EndProject
Global
	GlobalSection(SolutionConfigurationPlatforms) = preSolution
		Debug|Any CPU = Debug|Any CPU
		Release|Any CPU = Release|Any CPU
	EndGlobalSection
	GlobalSection(ProjectConfigurationPlatforms) = postSolution
		{0A0761D8-E1E8-4DF3-BE13-3AE612045DAA}.Debug|Any CPU.ActiveCfg = Debug|Any CPU
		{0A0761D8-E1E8-4DF3-BE13-3AE612045DAA}.Debug|Any CPU.Build.0 = Debug|Any CPU
		{0A0761D8-E1E8-4DF3-BE13-3AE612045DAA}.Release|Any CPU.ActiveCfg = Release|Any CPU
		{0A0761D8-E1E8-4DF3-BE13-3AE612045DAA}.Release|Any CPU.Build.0 = Release|Any CPU
	EndGlobalSection
	GlobalSection(SolutionProperties) = preSolution
		HideSolutionNode = FALSE
	EndGlobalSection
	GlobalSection(ExtensibilityGlobals) = postSolution
		SolutionGuid = {D5E9A1C6-863F-497D-A257-C3472740F6F2}
	EndGlobalSection
EndGlobal
